
Microsoft Visual Studio Solution File, Format Version 12.00
# Visual Studio Version 17
VisualStudioVersion = 17.3.32811.315
MinimumVisualStudioVersion = 10.0.40219.1
Project("{FAE04EC0-301F-11D3-BF4B-00C04F79EFBC}") = "LAB2.6_HLP", "LAB2.6_HLP.csproj", "{EB8326C1-1DEF-4D62-BF2C-A4149BA249E3}"
EndProject
Global
	GlobalSection(SolutionConfigurationPlatforms) = preSolution
		Debug|Any CPU = Debug|Any CPU
		Release|Any CPU = Release|Any CPU
	EndGlobalSection
	GlobalSection(ProjectConfigurationPlatforms) = postSolution
		{EB8326C1-1DEF-4D62-BF2C-A4149BA249E3}.Debug|Any CPU.ActiveCfg = Debug|Any CPU
		{EB8326C1-1DEF-4D62-BF2C-A4149BA249E3}.Debug|Any CPU.Build.0 = Debug|Any CPU
		{EB8326C1-1DEF-4D62-BF2C-A4149BA249E3}.Release|Any CPU.ActiveCfg = Release|Any CPU
		{EB8326C1-1DEF-4D62-BF2C-A4149BA249E3}.Release|Any CPU.Build.0 = Release|Any CPU
	EndGlobalSection
	GlobalSection(SolutionProperties) = preSolution
		HideSolutionNode = FALSE
	EndGlobalSection
	GlobalSection(ExtensibilityGlobals) = postSolution
		SolutionGuid = {0A8692C8-4783-4363-8530-A5390FC60B9B}
	EndGlobalSection
EndGlobal
