
Microsoft Visual Studio Solution File, Format Version 12.00
# Visual Studio Version 17
VisualStudioVersion = 17.3.32811.315
MinimumVisualStudioVersion = 10.0.40219.1
Project("{FAE04EC0-301F-11D3-BF4B-00C04F79EFBC}") = "LAB2.5_HLP", "LAB2.5_HLP.csproj", "{6E751B9C-AA90-4A97-AB08-2626BA3EC172}"
EndProject
Global
	GlobalSection(SolutionConfigurationPlatforms) = preSolution
		Debug|Any CPU = Debug|Any CPU
		Release|Any CPU = Release|Any CPU
	EndGlobalSection
	GlobalSection(ProjectConfigurationPlatforms) = postSolution
		{6E751B9C-AA90-4A97-AB08-2626BA3EC172}.Debug|Any CPU.ActiveCfg = Debug|Any CPU
		{6E751B9C-AA90-4A97-AB08-2626BA3EC172}.Debug|Any CPU.Build.0 = Debug|Any CPU
		{6E751B9C-AA90-4A97-AB08-2626BA3EC172}.Release|Any CPU.ActiveCfg = Release|Any CPU
		{6E751B9C-AA90-4A97-AB08-2626BA3EC172}.Release|Any CPU.Build.0 = Release|Any CPU
	EndGlobalSection
	GlobalSection(SolutionProperties) = preSolution
		HideSolutionNode = FALSE
	EndGlobalSection
	GlobalSection(ExtensibilityGlobals) = postSolution
		SolutionGuid = {C4D9E334-0150-449B-A0DB-6C1A38736567}
	EndGlobalSection
EndGlobal
